
Microsoft Visual Studio Solution File, Format Version 12.00
# Visual Studio Version 16
VisualStudioVersion = 16.0.29418.71
MinimumVisualStudioVersion = 10.0.40219.1
Project("{FAE04EC0-301F-11D3-BF4B-00C04F79EFBC}") = "BlazorCarouselExample", "BlazorCarouselExample\BlazorCarouselExample.csproj", "{DC6EE9D4-2D56-4101-B577-C0C6773940A4}"
EndProject
Project("{FAE04EC0-301F-11D3-BF4B-00C04F79EFBC}") = "CarouselComponent", "CarouselComponent\CarouselComponent.csproj", "{0ED63474-BD6E-42DD-9C94-962A00FF15A9}"
EndProject
Global
	GlobalSection(SolutionConfigurationPlatforms) = preSolution
		Debug|Any CPU = Debug|Any CPU
		Release|Any CPU = Release|Any CPU
	EndGlobalSection
	GlobalSection(ProjectConfigurationPlatforms) = postSolution
		{DC6EE9D4-2D56-4101-B577-C0C6773940A4}.Debug|Any CPU.ActiveCfg = Debug|Any CPU
		{DC6EE9D4-2D56-4101-B577-C0C6773940A4}.Debug|Any CPU.Build.0 = Debug|Any CPU
		{DC6EE9D4-2D56-4101-B577-C0C6773940A4}.Release|Any CPU.ActiveCfg = Release|Any CPU
		{DC6EE9D4-2D56-4101-B577-C0C6773940A4}.Release|Any CPU.Build.0 = Release|Any CPU
		{0ED63474-BD6E-42DD-9C94-962A00FF15A9}.Debug|Any CPU.ActiveCfg = Debug|Any CPU
		{0ED63474-BD6E-42DD-9C94-962A00FF15A9}.Debug|Any CPU.Build.0 = Debug|Any CPU
		{0ED63474-BD6E-42DD-9C94-962A00FF15A9}.Release|Any CPU.ActiveCfg = Release|Any CPU
		{0ED63474-BD6E-42DD-9C94-962A00FF15A9}.Release|Any CPU.Build.0 = Release|Any CPU
	EndGlobalSection
	GlobalSection(SolutionProperties) = preSolution
		HideSolutionNode = FALSE
	EndGlobalSection
	GlobalSection(ExtensibilityGlobals) = postSolution
		SolutionGuid = {3AD0A0D1-FB5E-46BF-ABCF-89CE1641F7CC}
	EndGlobalSection
EndGlobal
